
Microsoft Visual Studio Solution File, Format Version 12.00
# Visual Studio Version 16
VisualStudioVersion = 16.0.30907.101
MinimumVisualStudioVersion = 10.0.40219.1
Project("{FAE04EC0-301F-11D3-BF4B-00C04F79EFBC}") = "ADO_1", "ADO_1\ADO_1.csproj", "{6B35AFFF-7DF6-48D6-B961-7EE5AB70447E}"
EndProject
Project("{FAE04EC0-301F-11D3-BF4B-00C04F79EFBC}") = "Exo1", "Exo1\Exo1.csproj", "{39C2FBAB-0F79-4AB3-B51D-F46961A0959C}"
EndProject
Project("{FAE04EC0-301F-11D3-BF4B-00C04F79EFBC}") = "Exo1_Ameliore", "Exo1_Ameliore\Exo1_Ameliore.csproj", "{3614F081-54AF-4350-8B9D-D3FBE1136F72}"
EndProject
Project("{FAE04EC0-301F-11D3-BF4B-00C04F79EFBC}") = "Heritage", "Heritage\Heritage.csproj", "{4423AF32-AEB3-4B2C-9D3E-94048FAEB9EA}"
EndProject
Project("{FAE04EC0-301F-11D3-BF4B-00C04F79EFBC}") = "Exo1_Ameliore.DataLayer", "Exo1_Ameliore.DataLayer\Exo1_Ameliore.DataLayer.csproj", "{2C811B1B-2E35-4866-98C9-89961994F22C}"
EndProject
Project("{FAE04EC0-301F-11D3-BF4B-00C04F79EFBC}") = "DemoEF", "DemoEF\DemoEF.csproj", "{C9FA59DC-1EE5-4FF3-B7DB-A0504EDEBB95}"
EndProject
Project("{FAE04EC0-301F-11D3-BF4B-00C04F79EFBC}") = "DemoEF2", "DemoEF2\DemoEF2.csproj", "{8BD1681C-525C-44AE-9B6C-75ACD9D75EFE}"
EndProject
Project("{FAE04EC0-301F-11D3-BF4B-00C04F79EFBC}") = "Exo2_EF", "Exo2_EF\Exo2_EF.csproj", "{6B132B21-AA0C-4F5A-A65F-C82045187384}"
EndProject
Project("{FAE04EC0-301F-11D3-BF4B-00C04F79EFBC}") = "DemoAsync", "DemoAsync\DemoAsync.csproj", "{9E4208CE-2305-4F40-AA9F-064D04E93C4A}"
EndProject
Project("{FAE04EC0-301F-11D3-BF4B-00C04F79EFBC}") = "DemoEFAvecPS", "DemoEFAvecPS\DemoEFAvecPS.csproj", "{3834F21D-0315-4985-BD11-5C1F8D91AECA}"
EndProject
Project("{FAE04EC0-301F-11D3-BF4B-00C04F79EFBC}") = "Inti.TDAdo.Interface", "Inti.TDAdo.Interface\Inti.TDAdo.Interface.csproj", "{C40F268F-6E4B-4071-8B59-783780697E01}"
EndProject
Project("{FAE04EC0-301F-11D3-BF4B-00C04F79EFBC}") = "Inti.TDAdo.Metier", "Inti.TDAdo.Metier\Inti.TDAdo.Metier.csproj", "{E9831D58-B193-424B-B092-B0F1609ECBA5}"
EndProject
Project("{FAE04EC0-301F-11D3-BF4B-00C04F79EFBC}") = "Inti.TDAdo.Donnees", "Inti.TDAdo.Donnees\Inti.TDAdo.Donnees.csproj", "{CB11C20C-791F-45D3-8F8C-A422818BF5D8}"
EndProject
Project("{FAE04EC0-301F-11D3-BF4B-00C04F79EFBC}") = "Inti.TDAdo.Winform", "Inti.TDAdo.Winform\Inti.TDAdo.Winform.csproj", "{3F3540AD-4922-478F-AB63-0FF0222D5C5B}"
EndProject
Project("{FAE04EC0-301F-11D3-BF4B-00C04F79EFBC}") = "Inti.TDAdo.Wpf", "Inti.TDAdo.Wpf\Inti.TDAdo.Wpf.csproj", "{1D46C186-E571-4FCF-8A64-E49C073E07B6}"
EndProject
Project("{FAE04EC0-301F-11D3-BF4B-00C04F79EFBC}") = "DemoEFRelationNN", "DemoEFRelationNN\DemoEFRelationNN.csproj", "{ECB296D9-EF00-42F0-A90D-52DBA60E11C0}"
EndProject
Project("{FAE04EC0-301F-11D3-BF4B-00C04F79EFBC}") = "DemoEFCodeFirst", "DemoEFCodeFirst\DemoEFCodeFirst.csproj", "{C822C01F-589E-4884-A0D6-B154B45D4F5F}"
EndProject
Project("{FAE04EC0-301F-11D3-BF4B-00C04F79EFBC}") = "Exo3CodeFirst", "Exo3CodeFirst\Exo3CodeFirst.csproj", "{87B79387-A3B9-44C3-BC6B-CA82C4833A67}"
EndProject
Project("{FAE04EC0-301F-11D3-BF4B-00C04F79EFBC}") = "TPAdo.Interface", "TPAdo.Interface\TPAdo.Interface.csproj", "{21A9CD2D-C3FD-4134-9C97-16D458700381}"
EndProject
Project("{FAE04EC0-301F-11D3-BF4B-00C04F79EFBC}") = "TPAdo.InterfaceV2", "TPAdo.InterfaceV2\TPAdo.InterfaceV2.csproj", "{AB7CAAD4-FC23-4632-9B0F-60B36DEDF48F}"
EndProject
Global
	GlobalSection(SolutionConfigurationPlatforms) = preSolution
		Debug|Any CPU = Debug|Any CPU
		Release|Any CPU = Release|Any CPU
	EndGlobalSection
	GlobalSection(ProjectConfigurationPlatforms) = postSolution
		{6B35AFFF-7DF6-48D6-B961-7EE5AB70447E}.Debug|Any CPU.ActiveCfg = Debug|Any CPU
		{6B35AFFF-7DF6-48D6-B961-7EE5AB70447E}.Debug|Any CPU.Build.0 = Debug|Any CPU
		{6B35AFFF-7DF6-48D6-B961-7EE5AB70447E}.Release|Any CPU.ActiveCfg = Release|Any CPU
		{6B35AFFF-7DF6-48D6-B961-7EE5AB70447E}.Release|Any CPU.Build.0 = Release|Any CPU
		{39C2FBAB-0F79-4AB3-B51D-F46961A0959C}.Debug|Any CPU.ActiveCfg = Debug|Any CPU
		{39C2FBAB-0F79-4AB3-B51D-F46961A0959C}.Debug|Any CPU.Build.0 = Debug|Any CPU
		{39C2FBAB-0F79-4AB3-B51D-F46961A0959C}.Release|Any CPU.ActiveCfg = Release|Any CPU
		{39C2FBAB-0F79-4AB3-B51D-F46961A0959C}.Release|Any CPU.Build.0 = Release|Any CPU
		{3614F081-54AF-4350-8B9D-D3FBE1136F72}.Debug|Any CPU.ActiveCfg = Debug|Any CPU
		{3614F081-54AF-4350-8B9D-D3FBE1136F72}.Debug|Any CPU.Build.0 = Debug|Any CPU
		{3614F081-54AF-4350-8B9D-D3FBE1136F72}.Release|Any CPU.ActiveCfg = Release|Any CPU
		{3614F081-54AF-4350-8B9D-D3FBE1136F72}.Release|Any CPU.Build.0 = Release|Any CPU
		{4423AF32-AEB3-4B2C-9D3E-94048FAEB9EA}.Debug|Any CPU.ActiveCfg = Debug|Any CPU
		{4423AF32-AEB3-4B2C-9D3E-94048FAEB9EA}.Debug|Any CPU.Build.0 = Debug|Any CPU
		{4423AF32-AEB3-4B2C-9D3E-94048FAEB9EA}.Release|Any CPU.ActiveCfg = Release|Any CPU
		{4423AF32-AEB3-4B2C-9D3E-94048FAEB9EA}.Release|Any CPU.Build.0 = Release|Any CPU
		{2C811B1B-2E35-4866-98C9-89961994F22C}.Debug|Any CPU.ActiveCfg = Debug|Any CPU
		{2C811B1B-2E35-4866-98C9-89961994F22C}.Debug|Any CPU.Build.0 = Debug|Any CPU
		{2C811B1B-2E35-4866-98C9-89961994F22C}.Release|Any CPU.ActiveCfg = Release|Any CPU
		{2C811B1B-2E35-4866-98C9-89961994F22C}.Release|Any CPU.Build.0 = Release|Any CPU
		{C9FA59DC-1EE5-4FF3-B7DB-A0504EDEBB95}.Debug|Any CPU.ActiveCfg = Debug|Any CPU
		{C9FA59DC-1EE5-4FF3-B7DB-A0504EDEBB95}.Debug|Any CPU.Build.0 = Debug|Any CPU
		{C9FA59DC-1EE5-4FF3-B7DB-A0504EDEBB95}.Release|Any CPU.ActiveCfg = Release|Any CPU
		{C9FA59DC-1EE5-4FF3-B7DB-A0504EDEBB95}.Release|Any CPU.Build.0 = Release|Any CPU
		{8BD1681C-525C-44AE-9B6C-75ACD9D75EFE}.Debug|Any CPU.ActiveCfg = Debug|Any CPU
		{8BD1681C-525C-44AE-9B6C-75ACD9D75EFE}.Debug|Any CPU.Build.0 = Debug|Any CPU
		{8BD1681C-525C-44AE-9B6C-75ACD9D75EFE}.Release|Any CPU.ActiveCfg = Release|Any CPU
		{8BD1681C-525C-44AE-9B6C-75ACD9D75EFE}.Release|Any CPU.Build.0 = Release|Any CPU
		{6B132B21-AA0C-4F5A-A65F-C82045187384}.Debug|Any CPU.ActiveCfg = Debug|Any CPU
		{6B132B21-AA0C-4F5A-A65F-C82045187384}.Debug|Any CPU.Build.0 = Debug|Any CPU
		{6B132B21-AA0C-4F5A-A65F-C82045187384}.Release|Any CPU.ActiveCfg = Release|Any CPU
		{6B132B21-AA0C-4F5A-A65F-C82045187384}.Release|Any CPU.Build.0 = Release|Any CPU
		{9E4208CE-2305-4F40-AA9F-064D04E93C4A}.Debug|Any CPU.ActiveCfg = Debug|Any CPU
		{9E4208CE-2305-4F40-AA9F-064D04E93C4A}.Debug|Any CPU.Build.0 = Debug|Any CPU
		{9E4208CE-2305-4F40-AA9F-064D04E93C4A}.Release|Any CPU.ActiveCfg = Release|Any CPU
		{9E4208CE-2305-4F40-AA9F-064D04E93C4A}.Release|Any CPU.Build.0 = Release|Any CPU
		{3834F21D-0315-4985-BD11-5C1F8D91AECA}.Debug|Any CPU.ActiveCfg = Debug|Any CPU
		{3834F21D-0315-4985-BD11-5C1F8D91AECA}.Debug|Any CPU.Build.0 = Debug|Any CPU
		{3834F21D-0315-4985-BD11-5C1F8D91AECA}.Release|Any CPU.ActiveCfg = Release|Any CPU
		{3834F21D-0315-4985-BD11-5C1F8D91AECA}.Release|Any CPU.Build.0 = Release|Any CPU
		{C40F268F-6E4B-4071-8B59-783780697E01}.Debug|Any CPU.ActiveCfg = Debug|Any CPU
		{C40F268F-6E4B-4071-8B59-783780697E01}.Debug|Any CPU.Build.0 = Debug|Any CPU
		{C40F268F-6E4B-4071-8B59-783780697E01}.Release|Any CPU.ActiveCfg = Release|Any CPU
		{C40F268F-6E4B-4071-8B59-783780697E01}.Release|Any CPU.Build.0 = Release|Any CPU
		{E9831D58-B193-424B-B092-B0F1609ECBA5}.Debug|Any CPU.ActiveCfg = Debug|Any CPU
		{E9831D58-B193-424B-B092-B0F1609ECBA5}.Debug|Any CPU.Build.0 = Debug|Any CPU
		{E9831D58-B193-424B-B092-B0F1609ECBA5}.Release|Any CPU.ActiveCfg = Release|Any CPU
		{E9831D58-B193-424B-B092-B0F1609ECBA5}.Release|Any CPU.Build.0 = Release|Any CPU
		{CB11C20C-791F-45D3-8F8C-A422818BF5D8}.Debug|Any CPU.ActiveCfg = Debug|Any CPU
		{CB11C20C-791F-45D3-8F8C-A422818BF5D8}.Debug|Any CPU.Build.0 = Debug|Any CPU
		{CB11C20C-791F-45D3-8F8C-A422818BF5D8}.Release|Any CPU.ActiveCfg = Release|Any CPU
		{CB11C20C-791F-45D3-8F8C-A422818BF5D8}.Release|Any CPU.Build.0 = Release|Any CPU
		{3F3540AD-4922-478F-AB63-0FF0222D5C5B}.Debug|Any CPU.ActiveCfg = Debug|Any CPU
		{3F3540AD-4922-478F-AB63-0FF0222D5C5B}.Debug|Any CPU.Build.0 = Debug|Any CPU
		{3F3540AD-4922-478F-AB63-0FF0222D5C5B}.Release|Any CPU.ActiveCfg = Release|Any CPU
		{3F3540AD-4922-478F-AB63-0FF0222D5C5B}.Release|Any CPU.Build.0 = Release|Any CPU
		{1D46C186-E571-4FCF-8A64-E49C073E07B6}.Debug|Any CPU.ActiveCfg = Debug|Any CPU
		{1D46C186-E571-4FCF-8A64-E49C073E07B6}.Debug|Any CPU.Build.0 = Debug|Any CPU
		{1D46C186-E571-4FCF-8A64-E49C073E07B6}.Release|Any CPU.ActiveCfg = Release|Any CPU
		{1D46C186-E571-4FCF-8A64-E49C073E07B6}.Release|Any CPU.Build.0 = Release|Any CPU
		{ECB296D9-EF00-42F0-A90D-52DBA60E11C0}.Debug|Any CPU.ActiveCfg = Debug|Any CPU
		{ECB296D9-EF00-42F0-A90D-52DBA60E11C0}.Debug|Any CPU.Build.0 = Debug|Any CPU
		{ECB296D9-EF00-42F0-A90D-52DBA60E11C0}.Release|Any CPU.ActiveCfg = Release|Any CPU
		{ECB296D9-EF00-42F0-A90D-52DBA60E11C0}.Release|Any CPU.Build.0 = Release|Any CPU
		{C822C01F-589E-4884-A0D6-B154B45D4F5F}.Debug|Any CPU.ActiveCfg = Debug|Any CPU
		{C822C01F-589E-4884-A0D6-B154B45D4F5F}.Debug|Any CPU.Build.0 = Debug|Any CPU
		{C822C01F-589E-4884-A0D6-B154B45D4F5F}.Release|Any CPU.ActiveCfg = Release|Any CPU
		{C822C01F-589E-4884-A0D6-B154B45D4F5F}.Release|Any CPU.Build.0 = Release|Any CPU
		{87B79387-A3B9-44C3-BC6B-CA82C4833A67}.Debug|Any CPU.ActiveCfg = Debug|Any CPU
		{87B79387-A3B9-44C3-BC6B-CA82C4833A67}.Debug|Any CPU.Build.0 = Debug|Any CPU
		{87B79387-A3B9-44C3-BC6B-CA82C4833A67}.Release|Any CPU.ActiveCfg = Release|Any CPU
		{87B79387-A3B9-44C3-BC6B-CA82C4833A67}.Release|Any CPU.Build.0 = Release|Any CPU
		{21A9CD2D-C3FD-4134-9C97-16D458700381}.Debug|Any CPU.ActiveCfg = Debug|Any CPU
		{21A9CD2D-C3FD-4134-9C97-16D458700381}.Debug|Any CPU.Build.0 = Debug|Any CPU
		{21A9CD2D-C3FD-4134-9C97-16D458700381}.Release|Any CPU.ActiveCfg = Release|Any CPU
		{21A9CD2D-C3FD-4134-9C97-16D458700381}.Release|Any CPU.Build.0 = Release|Any CPU
		{AB7CAAD4-FC23-4632-9B0F-60B36DEDF48F}.Debug|Any CPU.ActiveCfg = Debug|Any CPU
		{AB7CAAD4-FC23-4632-9B0F-60B36DEDF48F}.Debug|Any CPU.Build.0 = Debug|Any CPU
		{AB7CAAD4-FC23-4632-9B0F-60B36DEDF48F}.Release|Any CPU.ActiveCfg = Release|Any CPU
		{AB7CAAD4-FC23-4632-9B0F-60B36DEDF48F}.Release|Any CPU.Build.0 = Release|Any CPU
	EndGlobalSection
	GlobalSection(SolutionProperties) = preSolution
		HideSolutionNode = FALSE
	EndGlobalSection
	GlobalSection(ExtensibilityGlobals) = postSolution
		SolutionGuid = {DA356C7E-604E-49E1-8CD9-2FC409A06379}
	EndGlobalSection
EndGlobal
