
Microsoft Visual Studio Solution File, Format Version 12.00
# Visual Studio Version 16
VisualStudioVersion = 16.0.30907.101
MinimumVisualStudioVersion = 10.0.40219.1
Project("{FAE04EC0-301F-11D3-BF4B-00C04F79EFBC}") = "ADO_1", "ADO_1\ADO_1.csproj", "{6B35AFFF-7DF6-48D6-B961-7EE5AB70447E}"
EndProject
Project("{FAE04EC0-301F-11D3-BF4B-00C04F79EFBC}") = "Exo1", "Exo1\Exo1.csproj", "{39C2FBAB-0F79-4AB3-B51D-F46961A0959C}"
EndProject
Project("{FAE04EC0-301F-11D3-BF4B-00C04F79EFBC}") = "Exo1_Ameliore", "Exo1_Ameliore\Exo1_Ameliore.csproj", "{3614F081-54AF-4350-8B9D-D3FBE1136F72}"
EndProject
Project("{FAE04EC0-301F-11D3-BF4B-00C04F79EFBC}") = "Heritage", "Heritage\Heritage.csproj", "{4423AF32-AEB3-4B2C-9D3E-94048FAEB9EA}"
EndProject
Project("{FAE04EC0-301F-11D3-BF4B-00C04F79EFBC}") = "Exo1_Ameliore.DataLayer", "Exo1_Ameliore.DataLayer\Exo1_Ameliore.DataLayer.csproj", "{2C811B1B-2E35-4866-98C9-89961994F22C}"
EndProject
Project("{FAE04EC0-301F-11D3-BF4B-00C04F79EFBC}") = "DemoEF", "DemoEF\DemoEF.csproj", "{C9FA59DC-1EE5-4FF3-B7DB-A0504EDEBB95}"
EndProject
Project("{FAE04EC0-301F-11D3-BF4B-00C04F79EFBC}") = "DemoEF2", "DemoEF2\DemoEF2.csproj", "{8BD1681C-525C-44AE-9B6C-75ACD9D75EFE}"
EndProject
Project("{FAE04EC0-301F-11D3-BF4B-00C04F79EFBC}") = "Exo2_EF", "Exo2_EF\Exo2_EF.csproj", "{6B132B21-AA0C-4F5A-A65F-C82045187384}"
EndProject
Project("{FAE04EC0-301F-11D3-BF4B-00C04F79EFBC}") = "DemoAsync", "DemoAsync\DemoAsync.csproj", "{9E4208CE-2305-4F40-AA9F-064D04E93C4A}"
EndProject
Project("{FAE04EC0-301F-11D3-BF4B-00C04F79EFBC}") = "DemoEFAvecPS", "DemoEFAvecPS\DemoEFAvecPS.csproj", "{3834F21D-0315-4985-BD11-5C1F8D91AECA}"
EndProject
Project("{FAE04EC0-301F-11D3-BF4B-00C04F79EFBC}") = "Inti.TDAdo.Interface", "Inti.TDAdo.Interface\Inti.TDAdo.Interface.csproj", "{C40F268F-6E4B-4071-8B59-783780697E01}"
EndProject
Project("{FAE04EC0-301F-11D3-BF4B-00C04F79EFBC}") = "Inti.TDAdo.Metier", "Inti.TDAdo.Metier\Inti.TDAdo.Metier.csproj", "{E9831D58-B193-424B-B092-B0F1609ECBA5}"
EndProject
Project("{FAE04EC0-301F-11D3-BF4B-00C04F79EFBC}") = "Inti.TDAdo.Donnees", "Inti.TDAdo.Donnees\Inti.TDAdo.Donnees.csproj", "{CB11C20C-791F-45D3-8F8C-A422818BF5D8}"
EndProject
Project("{FAE04EC0-301F-11D3-BF4B-00C04F79EFBC}") = "Inti.TDAdo.Winform", "Inti.TDAdo.Winform\Inti.TDAdo.Winform.csproj", "{3F3540AD-4922-478F-AB63-0FF0222D5C5B}"
EndProject
Project("{FAE04EC0-301F-11D3-BF4B-00C04F79EFBC}") = "Inti.TDAdo.Wpf", "Inti.TDAdo.Wpf\Inti.TDAdo.Wpf.csproj", "{1D46C186-E571-4FCF-8A64-E49C073E07B6}"
EndProject
Project("{FAE04EC0-301F-11D3-BF4B-00C04F79EFBC}") = "DemoEFRelationNN", "DemoEFRelationNN\DemoEFRelationNN.csproj", "{ECB296D9-EF00-42F0-A90D-52DBA60E11C0}"
EndProject
Project("{FAE04EC0-301F-11D3-BF4B-00C04F79EFBC}") = "DemoEFCodeFirst", "DemoEFCodeFirst\DemoEFCodeFirst.csproj", "{C822C01F-589E-4884-A0D6-B154B45D4F5F}"
EndProject
Project("{FAE04EC0-301F-11D3-BF4B-00C04F79EFBC}") = "Exo3CodeFirst", "Exo3CodeFirst\Exo3CodeFirst.csproj", "{87B79387-A3B9-44C3-BC6B-CA82C4833A67}"
EndProject
Project("{FAE04EC0-301F-11D3-BF4B-00C04F79EFBC}") = "TPAdo.Interface", "TPAdo.Interface\TPAdo.Interface.csproj", "{21A9CD2D-C3FD-4134-9C97-16D458700381}"
EndProject
Project("{FAE04EC0-301F-11D3-BF4B-00C04F79EFBC}") = "TPAdo.InterfaceV2", "TPAdo.InterfaceV2\TPAdo.InterfaceV2.csproj", "{AB7CAAD4-FC23-4632-9B0F-60B36DEDF48F}"
EndProject
Project("{FAE04EC0-301F-11D3-BF4B-00C04F79EFBC}") = "TPAdo.Metier", "TPAdo.Metier\TPAdo.Metier.csproj", "{FF676272-BD0D-4A02-B282-1B47C94174D7}"
EndProject
Project("{FAE04EC0-301F-11D3-BF4B-00C04F79EFBC}") = "TpAdo.Donnees", "TpAdo.Donnees\TpAdo.Donnees.csproj", "{22FB58D5-8196-4386-9B66-51C3ABBFBD37}"
EndProject
Project("{FAE04EC0-301F-11D3-BF4B-00C04F79EFBC}") = "TPAdo.DonneesV2", "TPAdo.DonneesV2\TPAdo.DonneesV2.csproj", "{416F32E9-BB85-464D-B3E0-6096EA3E6BA6}"
EndProject
Project("{FAE04EC0-301F-11D3-BF4B-00C04F79EFBC}") = "TPAdo.Contrat", "TPAdo.Contrat\TPAdo.Contrat.csproj", "{25CA2F42-8CFE-46D0-97EE-3C0AFD767D85}"
EndProject
Project("{2150E333-8FDC-42A3-9474-1A3956D46DE8}") = "Evals", "Evals", "{3F78949A-406A-483A-8771-2048EED2C804}"
EndProject
Project("{FAE04EC0-301F-11D3-BF4B-00C04F79EFBC}") = "Evals.Exo1", "Evals.Exo1\Evals.Exo1.csproj", "{799E274E-254A-4C4E-A7A9-9245A3168B66}"
EndProject
Project("{2150E333-8FDC-42A3-9474-1A3956D46DE8}") = "TP", "TP", "{754B2334-4FFE-4F25-9BC7-C354BF393BD2}"
EndProject
Project("{2150E333-8FDC-42A3-9474-1A3956D46DE8}") = "ADO", "ADO", "{9ABD140A-2948-477C-94E8-B11E9179CADD}"
EndProject
Project("{2150E333-8FDC-42A3-9474-1A3956D46DE8}") = "EF", "EF", "{AE34A66F-BE82-432E-B257-F3BAF376CC17}"
EndProject
Project("{2150E333-8FDC-42A3-9474-1A3956D46DE8}") = "Exo", "Exo", "{A7C33ACA-35EC-4676-995A-D3594CEB9487}"
EndProject
Project("{2150E333-8FDC-42A3-9474-1A3956D46DE8}") = "Divers", "Divers", "{3A9A613F-8A8B-4475-A119-F4D933F609C1}"
EndProject
Project("{2150E333-8FDC-42A3-9474-1A3956D46DE8}") = "Archi", "Archi", "{D54D0116-42DB-47EF-B368-97E77686E4DC}"
EndProject
Project("{FAE04EC0-301F-11D3-BF4B-00C04F79EFBC}") = "Evals.Exo2", "Evals.Exo2\Evals.Exo2.csproj", "{EB305A62-8C58-40D0-8C65-7B7F2056075D}"
EndProject
Project("{FAE04EC0-301F-11D3-BF4B-00C04F79EFBC}") = "Evals.Exo3", "Evals.Exo3\Evals.Exo3.csproj", "{03D5538B-73AD-4432-988D-562FC32F9006}"
EndProject
Global
	GlobalSection(SolutionConfigurationPlatforms) = preSolution
		Debug|Any CPU = Debug|Any CPU
		Release|Any CPU = Release|Any CPU
	EndGlobalSection
	GlobalSection(ProjectConfigurationPlatforms) = postSolution
		{6B35AFFF-7DF6-48D6-B961-7EE5AB70447E}.Debug|Any CPU.ActiveCfg = Debug|Any CPU
		{6B35AFFF-7DF6-48D6-B961-7EE5AB70447E}.Debug|Any CPU.Build.0 = Debug|Any CPU
		{6B35AFFF-7DF6-48D6-B961-7EE5AB70447E}.Release|Any CPU.ActiveCfg = Release|Any CPU
		{6B35AFFF-7DF6-48D6-B961-7EE5AB70447E}.Release|Any CPU.Build.0 = Release|Any CPU
		{39C2FBAB-0F79-4AB3-B51D-F46961A0959C}.Debug|Any CPU.ActiveCfg = Debug|Any CPU
		{39C2FBAB-0F79-4AB3-B51D-F46961A0959C}.Debug|Any CPU.Build.0 = Debug|Any CPU
		{39C2FBAB-0F79-4AB3-B51D-F46961A0959C}.Release|Any CPU.ActiveCfg = Release|Any CPU
		{39C2FBAB-0F79-4AB3-B51D-F46961A0959C}.Release|Any CPU.Build.0 = Release|Any CPU
		{3614F081-54AF-4350-8B9D-D3FBE1136F72}.Debug|Any CPU.ActiveCfg = Debug|Any CPU
		{3614F081-54AF-4350-8B9D-D3FBE1136F72}.Debug|Any CPU.Build.0 = Debug|Any CPU
		{3614F081-54AF-4350-8B9D-D3FBE1136F72}.Release|Any CPU.ActiveCfg = Release|Any CPU
		{3614F081-54AF-4350-8B9D-D3FBE1136F72}.Release|Any CPU.Build.0 = Release|Any CPU
		{4423AF32-AEB3-4B2C-9D3E-94048FAEB9EA}.Debug|Any CPU.ActiveCfg = Debug|Any CPU
		{4423AF32-AEB3-4B2C-9D3E-94048FAEB9EA}.Debug|Any CPU.Build.0 = Debug|Any CPU
		{4423AF32-AEB3-4B2C-9D3E-94048FAEB9EA}.Release|Any CPU.ActiveCfg = Release|Any CPU
		{4423AF32-AEB3-4B2C-9D3E-94048FAEB9EA}.Release|Any CPU.Build.0 = Release|Any CPU
		{2C811B1B-2E35-4866-98C9-89961994F22C}.Debug|Any CPU.ActiveCfg = Debug|Any CPU
		{2C811B1B-2E35-4866-98C9-89961994F22C}.Debug|Any CPU.Build.0 = Debug|Any CPU
		{2C811B1B-2E35-4866-98C9-89961994F22C}.Release|Any CPU.ActiveCfg = Release|Any CPU
		{2C811B1B-2E35-4866-98C9-89961994F22C}.Release|Any CPU.Build.0 = Release|Any CPU
		{C9FA59DC-1EE5-4FF3-B7DB-A0504EDEBB95}.Debug|Any CPU.ActiveCfg = Debug|Any CPU
		{C9FA59DC-1EE5-4FF3-B7DB-A0504EDEBB95}.Debug|Any CPU.Build.0 = Debug|Any CPU
		{C9FA59DC-1EE5-4FF3-B7DB-A0504EDEBB95}.Release|Any CPU.ActiveCfg = Release|Any CPU
		{C9FA59DC-1EE5-4FF3-B7DB-A0504EDEBB95}.Release|Any CPU.Build.0 = Release|Any CPU
		{8BD1681C-525C-44AE-9B6C-75ACD9D75EFE}.Debug|Any CPU.ActiveCfg = Debug|Any CPU
		{8BD1681C-525C-44AE-9B6C-75ACD9D75EFE}.Debug|Any CPU.Build.0 = Debug|Any CPU
		{8BD1681C-525C-44AE-9B6C-75ACD9D75EFE}.Release|Any CPU.ActiveCfg = Release|Any CPU
		{8BD1681C-525C-44AE-9B6C-75ACD9D75EFE}.Release|Any CPU.Build.0 = Release|Any CPU
		{6B132B21-AA0C-4F5A-A65F-C82045187384}.Debug|Any CPU.ActiveCfg = Debug|Any CPU
		{6B132B21-AA0C-4F5A-A65F-C82045187384}.Debug|Any CPU.Build.0 = Debug|Any CPU
		{6B132B21-AA0C-4F5A-A65F-C82045187384}.Release|Any CPU.ActiveCfg = Release|Any CPU
		{6B132B21-AA0C-4F5A-A65F-C82045187384}.Release|Any CPU.Build.0 = Release|Any CPU
		{9E4208CE-2305-4F40-AA9F-064D04E93C4A}.Debug|Any CPU.ActiveCfg = Debug|Any CPU
		{9E4208CE-2305-4F40-AA9F-064D04E93C4A}.Debug|Any CPU.Build.0 = Debug|Any CPU
		{9E4208CE-2305-4F40-AA9F-064D04E93C4A}.Release|Any CPU.ActiveCfg = Release|Any CPU
		{9E4208CE-2305-4F40-AA9F-064D04E93C4A}.Release|Any CPU.Build.0 = Release|Any CPU
		{3834F21D-0315-4985-BD11-5C1F8D91AECA}.Debug|Any CPU.ActiveCfg = Debug|Any CPU
		{3834F21D-0315-4985-BD11-5C1F8D91AECA}.Debug|Any CPU.Build.0 = Debug|Any CPU
		{3834F21D-0315-4985-BD11-5C1F8D91AECA}.Release|Any CPU.ActiveCfg = Release|Any CPU
		{3834F21D-0315-4985-BD11-5C1F8D91AECA}.Release|Any CPU.Build.0 = Release|Any CPU
		{C40F268F-6E4B-4071-8B59-783780697E01}.Debug|Any CPU.ActiveCfg = Debug|Any CPU
		{C40F268F-6E4B-4071-8B59-783780697E01}.Debug|Any CPU.Build.0 = Debug|Any CPU
		{C40F268F-6E4B-4071-8B59-783780697E01}.Release|Any CPU.ActiveCfg = Release|Any CPU
		{C40F268F-6E4B-4071-8B59-783780697E01}.Release|Any CPU.Build.0 = Release|Any CPU
		{E9831D58-B193-424B-B092-B0F1609ECBA5}.Debug|Any CPU.ActiveCfg = Debug|Any CPU
		{E9831D58-B193-424B-B092-B0F1609ECBA5}.Debug|Any CPU.Build.0 = Debug|Any CPU
		{E9831D58-B193-424B-B092-B0F1609ECBA5}.Release|Any CPU.ActiveCfg = Release|Any CPU
		{E9831D58-B193-424B-B092-B0F1609ECBA5}.Release|Any CPU.Build.0 = Release|Any CPU
		{CB11C20C-791F-45D3-8F8C-A422818BF5D8}.Debug|Any CPU.ActiveCfg = Debug|Any CPU
		{CB11C20C-791F-45D3-8F8C-A422818BF5D8}.Debug|Any CPU.Build.0 = Debug|Any CPU
		{CB11C20C-791F-45D3-8F8C-A422818BF5D8}.Release|Any CPU.ActiveCfg = Release|Any CPU
		{CB11C20C-791F-45D3-8F8C-A422818BF5D8}.Release|Any CPU.Build.0 = Release|Any CPU
		{3F3540AD-4922-478F-AB63-0FF0222D5C5B}.Debug|Any CPU.ActiveCfg = Debug|Any CPU
		{3F3540AD-4922-478F-AB63-0FF0222D5C5B}.Debug|Any CPU.Build.0 = Debug|Any CPU
		{3F3540AD-4922-478F-AB63-0FF0222D5C5B}.Release|Any CPU.ActiveCfg = Release|Any CPU
		{3F3540AD-4922-478F-AB63-0FF0222D5C5B}.Release|Any CPU.Build.0 = Release|Any CPU
		{1D46C186-E571-4FCF-8A64-E49C073E07B6}.Debug|Any CPU.ActiveCfg = Debug|Any CPU
		{1D46C186-E571-4FCF-8A64-E49C073E07B6}.Debug|Any CPU.Build.0 = Debug|Any CPU
		{1D46C186-E571-4FCF-8A64-E49C073E07B6}.Release|Any CPU.ActiveCfg = Release|Any CPU
		{1D46C186-E571-4FCF-8A64-E49C073E07B6}.Release|Any CPU.Build.0 = Release|Any CPU
		{ECB296D9-EF00-42F0-A90D-52DBA60E11C0}.Debug|Any CPU.ActiveCfg = Debug|Any CPU
		{ECB296D9-EF00-42F0-A90D-52DBA60E11C0}.Debug|Any CPU.Build.0 = Debug|Any CPU
		{ECB296D9-EF00-42F0-A90D-52DBA60E11C0}.Release|Any CPU.ActiveCfg = Release|Any CPU
		{ECB296D9-EF00-42F0-A90D-52DBA60E11C0}.Release|Any CPU.Build.0 = Release|Any CPU
		{C822C01F-589E-4884-A0D6-B154B45D4F5F}.Debug|Any CPU.ActiveCfg = Debug|Any CPU
		{C822C01F-589E-4884-A0D6-B154B45D4F5F}.Debug|Any CPU.Build.0 = Debug|Any CPU
		{C822C01F-589E-4884-A0D6-B154B45D4F5F}.Release|Any CPU.ActiveCfg = Release|Any CPU
		{C822C01F-589E-4884-A0D6-B154B45D4F5F}.Release|Any CPU.Build.0 = Release|Any CPU
		{87B79387-A3B9-44C3-BC6B-CA82C4833A67}.Debug|Any CPU.ActiveCfg = Debug|Any CPU
		{87B79387-A3B9-44C3-BC6B-CA82C4833A67}.Debug|Any CPU.Build.0 = Debug|Any CPU
		{87B79387-A3B9-44C3-BC6B-CA82C4833A67}.Release|Any CPU.ActiveCfg = Release|Any CPU
		{87B79387-A3B9-44C3-BC6B-CA82C4833A67}.Release|Any CPU.Build.0 = Release|Any CPU
		{21A9CD2D-C3FD-4134-9C97-16D458700381}.Debug|Any CPU.ActiveCfg = Debug|Any CPU
		{21A9CD2D-C3FD-4134-9C97-16D458700381}.Debug|Any CPU.Build.0 = Debug|Any CPU
		{21A9CD2D-C3FD-4134-9C97-16D458700381}.Release|Any CPU.ActiveCfg = Release|Any CPU
		{21A9CD2D-C3FD-4134-9C97-16D458700381}.Release|Any CPU.Build.0 = Release|Any CPU
		{AB7CAAD4-FC23-4632-9B0F-60B36DEDF48F}.Debug|Any CPU.ActiveCfg = Debug|Any CPU
		{AB7CAAD4-FC23-4632-9B0F-60B36DEDF48F}.Debug|Any CPU.Build.0 = Debug|Any CPU
		{AB7CAAD4-FC23-4632-9B0F-60B36DEDF48F}.Release|Any CPU.ActiveCfg = Release|Any CPU
		{AB7CAAD4-FC23-4632-9B0F-60B36DEDF48F}.Release|Any CPU.Build.0 = Release|Any CPU
		{FF676272-BD0D-4A02-B282-1B47C94174D7}.Debug|Any CPU.ActiveCfg = Debug|Any CPU
		{FF676272-BD0D-4A02-B282-1B47C94174D7}.Debug|Any CPU.Build.0 = Debug|Any CPU
		{FF676272-BD0D-4A02-B282-1B47C94174D7}.Release|Any CPU.ActiveCfg = Release|Any CPU
		{FF676272-BD0D-4A02-B282-1B47C94174D7}.Release|Any CPU.Build.0 = Release|Any CPU
		{22FB58D5-8196-4386-9B66-51C3ABBFBD37}.Debug|Any CPU.ActiveCfg = Debug|Any CPU
		{22FB58D5-8196-4386-9B66-51C3ABBFBD37}.Debug|Any CPU.Build.0 = Debug|Any CPU
		{22FB58D5-8196-4386-9B66-51C3ABBFBD37}.Release|Any CPU.ActiveCfg = Release|Any CPU
		{22FB58D5-8196-4386-9B66-51C3ABBFBD37}.Release|Any CPU.Build.0 = Release|Any CPU
		{416F32E9-BB85-464D-B3E0-6096EA3E6BA6}.Debug|Any CPU.ActiveCfg = Debug|Any CPU
		{416F32E9-BB85-464D-B3E0-6096EA3E6BA6}.Debug|Any CPU.Build.0 = Debug|Any CPU
		{416F32E9-BB85-464D-B3E0-6096EA3E6BA6}.Release|Any CPU.ActiveCfg = Release|Any CPU
		{416F32E9-BB85-464D-B3E0-6096EA3E6BA6}.Release|Any CPU.Build.0 = Release|Any CPU
		{25CA2F42-8CFE-46D0-97EE-3C0AFD767D85}.Debug|Any CPU.ActiveCfg = Debug|Any CPU
		{25CA2F42-8CFE-46D0-97EE-3C0AFD767D85}.Debug|Any CPU.Build.0 = Debug|Any CPU
		{25CA2F42-8CFE-46D0-97EE-3C0AFD767D85}.Release|Any CPU.ActiveCfg = Release|Any CPU
		{25CA2F42-8CFE-46D0-97EE-3C0AFD767D85}.Release|Any CPU.Build.0 = Release|Any CPU
		{799E274E-254A-4C4E-A7A9-9245A3168B66}.Debug|Any CPU.ActiveCfg = Debug|Any CPU
		{799E274E-254A-4C4E-A7A9-9245A3168B66}.Debug|Any CPU.Build.0 = Debug|Any CPU
		{799E274E-254A-4C4E-A7A9-9245A3168B66}.Release|Any CPU.ActiveCfg = Release|Any CPU
		{799E274E-254A-4C4E-A7A9-9245A3168B66}.Release|Any CPU.Build.0 = Release|Any CPU
		{EB305A62-8C58-40D0-8C65-7B7F2056075D}.Debug|Any CPU.ActiveCfg = Debug|Any CPU
		{EB305A62-8C58-40D0-8C65-7B7F2056075D}.Debug|Any CPU.Build.0 = Debug|Any CPU
		{EB305A62-8C58-40D0-8C65-7B7F2056075D}.Release|Any CPU.ActiveCfg = Release|Any CPU
		{EB305A62-8C58-40D0-8C65-7B7F2056075D}.Release|Any CPU.Build.0 = Release|Any CPU
		{03D5538B-73AD-4432-988D-562FC32F9006}.Debug|Any CPU.ActiveCfg = Debug|Any CPU
		{03D5538B-73AD-4432-988D-562FC32F9006}.Debug|Any CPU.Build.0 = Debug|Any CPU
		{03D5538B-73AD-4432-988D-562FC32F9006}.Release|Any CPU.ActiveCfg = Release|Any CPU
		{03D5538B-73AD-4432-988D-562FC32F9006}.Release|Any CPU.Build.0 = Release|Any CPU
	EndGlobalSection
	GlobalSection(SolutionProperties) = preSolution
		HideSolutionNode = FALSE
	EndGlobalSection
	GlobalSection(NestedProjects) = preSolution
		{6B35AFFF-7DF6-48D6-B961-7EE5AB70447E} = {9ABD140A-2948-477C-94E8-B11E9179CADD}
		{39C2FBAB-0F79-4AB3-B51D-F46961A0959C} = {A7C33ACA-35EC-4676-995A-D3594CEB9487}
		{3614F081-54AF-4350-8B9D-D3FBE1136F72} = {A7C33ACA-35EC-4676-995A-D3594CEB9487}
		{4423AF32-AEB3-4B2C-9D3E-94048FAEB9EA} = {3A9A613F-8A8B-4475-A119-F4D933F609C1}
		{2C811B1B-2E35-4866-98C9-89961994F22C} = {A7C33ACA-35EC-4676-995A-D3594CEB9487}
		{C9FA59DC-1EE5-4FF3-B7DB-A0504EDEBB95} = {9ABD140A-2948-477C-94E8-B11E9179CADD}
		{8BD1681C-525C-44AE-9B6C-75ACD9D75EFE} = {9ABD140A-2948-477C-94E8-B11E9179CADD}
		{6B132B21-AA0C-4F5A-A65F-C82045187384} = {A7C33ACA-35EC-4676-995A-D3594CEB9487}
		{9E4208CE-2305-4F40-AA9F-064D04E93C4A} = {3A9A613F-8A8B-4475-A119-F4D933F609C1}
		{3834F21D-0315-4985-BD11-5C1F8D91AECA} = {9ABD140A-2948-477C-94E8-B11E9179CADD}
		{C40F268F-6E4B-4071-8B59-783780697E01} = {D54D0116-42DB-47EF-B368-97E77686E4DC}
		{E9831D58-B193-424B-B092-B0F1609ECBA5} = {D54D0116-42DB-47EF-B368-97E77686E4DC}
		{CB11C20C-791F-45D3-8F8C-A422818BF5D8} = {D54D0116-42DB-47EF-B368-97E77686E4DC}
		{3F3540AD-4922-478F-AB63-0FF0222D5C5B} = {D54D0116-42DB-47EF-B368-97E77686E4DC}
		{1D46C186-E571-4FCF-8A64-E49C073E07B6} = {D54D0116-42DB-47EF-B368-97E77686E4DC}
		{ECB296D9-EF00-42F0-A90D-52DBA60E11C0} = {9ABD140A-2948-477C-94E8-B11E9179CADD}
		{C822C01F-589E-4884-A0D6-B154B45D4F5F} = {9ABD140A-2948-477C-94E8-B11E9179CADD}
		{87B79387-A3B9-44C3-BC6B-CA82C4833A67} = {A7C33ACA-35EC-4676-995A-D3594CEB9487}
		{21A9CD2D-C3FD-4134-9C97-16D458700381} = {754B2334-4FFE-4F25-9BC7-C354BF393BD2}
		{AB7CAAD4-FC23-4632-9B0F-60B36DEDF48F} = {754B2334-4FFE-4F25-9BC7-C354BF393BD2}
		{FF676272-BD0D-4A02-B282-1B47C94174D7} = {754B2334-4FFE-4F25-9BC7-C354BF393BD2}
		{22FB58D5-8196-4386-9B66-51C3ABBFBD37} = {754B2334-4FFE-4F25-9BC7-C354BF393BD2}
		{416F32E9-BB85-464D-B3E0-6096EA3E6BA6} = {754B2334-4FFE-4F25-9BC7-C354BF393BD2}
		{25CA2F42-8CFE-46D0-97EE-3C0AFD767D85} = {754B2334-4FFE-4F25-9BC7-C354BF393BD2}
		{799E274E-254A-4C4E-A7A9-9245A3168B66} = {3F78949A-406A-483A-8771-2048EED2C804}
		{EB305A62-8C58-40D0-8C65-7B7F2056075D} = {3F78949A-406A-483A-8771-2048EED2C804}
		{03D5538B-73AD-4432-988D-562FC32F9006} = {3F78949A-406A-483A-8771-2048EED2C804}
	EndGlobalSection
	GlobalSection(ExtensibilityGlobals) = postSolution
		SolutionGuid = {DA356C7E-604E-49E1-8CD9-2FC409A06379}
	EndGlobalSection
EndGlobal
